
Microsoft Visual Studio Solution File, Format Version 12.00
# Visual Studio Version 17
VisualStudioVersion = 17.9.34607.119
MinimumVisualStudioVersion = 10.0.40219.1
Project("{9A19103F-16F7-4668-BE54-9A1E7A4F7556}") = "Blogs", "Blogs.csproj", "{EA02E80F-7EE7-4DAB-94B1-805F50859B22}"
EndProject
Global
	GlobalSection(SolutionConfigurationPlatforms) = preSolution
		Debug|Any CPU = Debug|Any CPU
		Release|Any CPU = Release|Any CPU
	EndGlobalSection
	GlobalSection(ProjectConfigurationPlatforms) = postSolution
		{EA02E80F-7EE7-4DAB-94B1-805F50859B22}.Debug|Any CPU.ActiveCfg = Debug|Any CPU
		{EA02E80F-7EE7-4DAB-94B1-805F50859B22}.Debug|Any CPU.Build.0 = Debug|Any CPU
		{EA02E80F-7EE7-4DAB-94B1-805F50859B22}.Release|Any CPU.ActiveCfg = Release|Any CPU
		{EA02E80F-7EE7-4DAB-94B1-805F50859B22}.Release|Any CPU.Build.0 = Release|Any CPU
	EndGlobalSection
	GlobalSection(SolutionProperties) = preSolution
		HideSolutionNode = FALSE
	EndGlobalSection
	GlobalSection(ExtensibilityGlobals) = postSolution
		SolutionGuid = {6B5DCC21-9A78-4A80-8500-E80B8E1EF8E4}
	EndGlobalSection
EndGlobal
